// !$*UTF8*$!
{
	archiveVersion = 1;
	classes = {
	};
	objectVersion = 46;
	objects = {

/* Begin PBXBuildFile section */
		0E025E851CD8F94000AE8077 /* DetailOperatorListTableViewCell.swift in Sources */ = {isa = PBXBuildFile; fileRef = 0E025E841CD8F94000AE8077 /* DetailOperatorListTableViewCell.swift */; };
		0E025E871CD8FACB00AE8077 /* DetailOperatorViewController.swift in Sources */ = {isa = PBXBuildFile; fileRef = 0E025E861CD8FACB00AE8077 /* DetailOperatorViewController.swift */; };
		0E1502191CD666D2005856B3 /* ModalViewController.swift in Sources */ = {isa = PBXBuildFile; fileRef = 0E1502181CD666D2005856B3 /* ModalViewController.swift */; };
		0E1502221CD66AE5005856B3 /* SwiftyJSON.swift in Sources */ = {isa = PBXBuildFile; fileRef = 0E1502211CD66AE5005856B3 /* SwiftyJSON.swift */; };
		0E15022A1CD670AB005856B3 /* User.swift in Sources */ = {isa = PBXBuildFile; fileRef = 0E1502291CD670AB005856B3 /* User.swift */; };
		0E187A771CD9357700D8B3A9 /* InternetCheck.swift in Sources */ = {isa = PBXBuildFile; fileRef = 0E187A761CD9357700D8B3A9 /* InternetCheck.swift */; };
		0E2EFCDA1CD854B10081ECCD /* MyColor.swift in Sources */ = {isa = PBXBuildFile; fileRef = 0E2EFCD91CD854B10081ECCD /* MyColor.swift */; };
		0E2EFCE41CD8636E0081ECCD /* OperatorListViewController.swift in Sources */ = {isa = PBXBuildFile; fileRef = 0E2EFCE31CD8636E0081ECCD /* OperatorListViewController.swift */; };
		0E47ED801CDC92F200AF56BB /* BookingFactory.swift in Sources */ = {isa = PBXBuildFile; fileRef = 0E47ED7F1CDC92F200AF56BB /* BookingFactory.swift */; };
		0E47ED891CDC978B00AF56BB /* Cart.swift in Sources */ = {isa = PBXBuildFile; fileRef = 0E47ED881CDC978B00AF56BB /* Cart.swift */; };
		0E47ED8C1CDC994400AF56BB /* BookingMainViewController.swift in Sources */ = {isa = PBXBuildFile; fileRef = 0E47ED8B1CDC994400AF56BB /* BookingMainViewController.swift */; };
		0E47ED8E1CDC9BFC00AF56BB /* Voucher.swift in Sources */ = {isa = PBXBuildFile; fileRef = 0E47ED8D1CDC9BFC00AF56BB /* Voucher.swift */; };
		0E47ED901CDCFCA900AF56BB /* BookingTableViewCell.swift in Sources */ = {isa = PBXBuildFile; fileRef = 0E47ED8F1CDCFCA900AF56BB /* BookingTableViewCell.swift */; };
		0E47ED921CDD0A6F00AF56BB /* DetailPresentationViewController.swift in Sources */ = {isa = PBXBuildFile; fileRef = 0E47ED911CDD0A6F00AF56BB /* DetailPresentationViewController.swift */; };
		0E47ED951CDD185500AF56BB /* SetPriceTableViewController.swift in Sources */ = {isa = PBXBuildFile; fileRef = 0E47ED941CDD185500AF56BB /* SetPriceTableViewController.swift */; };
		0E47ED971CDD18BB00AF56BB /* SetPriceTableViewCell.swift in Sources */ = {isa = PBXBuildFile; fileRef = 0E47ED961CDD18BB00AF56BB /* SetPriceTableViewCell.swift */; };
		0E55CB251CD517A400DFFD0F /* AppDelegate.swift in Sources */ = {isa = PBXBuildFile; fileRef = 0E55CB241CD517A400DFFD0F /* AppDelegate.swift */; };
		0E55CB271CD517A400DFFD0F /* ViewController.swift in Sources */ = {isa = PBXBuildFile; fileRef = 0E55CB261CD517A400DFFD0F /* ViewController.swift */; };
		0E55CB2A1CD517A400DFFD0F /* Main.storyboard in Resources */ = {isa = PBXBuildFile; fileRef = 0E55CB281CD517A400DFFD0F /* Main.storyboard */; };
		0E55CB2D1CD517A400DFFD0F /* TourAgentManagement.xcdatamodeld in Sources */ = {isa = PBXBuildFile; fileRef = 0E55CB2B1CD517A400DFFD0F /* TourAgentManagement.xcdatamodeld */; };
		0E55CB2F1CD517A400DFFD0F /* Assets.xcassets in Resources */ = {isa = PBXBuildFile; fileRef = 0E55CB2E1CD517A400DFFD0F /* Assets.xcassets */; };
		0E55CB321CD517A400DFFD0F /* LaunchScreen.storyboard in Resources */ = {isa = PBXBuildFile; fileRef = 0E55CB301CD517A400DFFD0F /* LaunchScreen.storyboard */; };
		0E55CB3D1CD517A400DFFD0F /* TourAgentManagementTests.swift in Sources */ = {isa = PBXBuildFile; fileRef = 0E55CB3C1CD517A400DFFD0F /* TourAgentManagementTests.swift */; };
		0E55CB481CD517A400DFFD0F /* TourAgentManagementUITests.swift in Sources */ = {isa = PBXBuildFile; fileRef = 0E55CB471CD517A400DFFD0F /* TourAgentManagementUITests.swift */; };
		0E5A8BBB1CD7439A004E005F /* DZNEmptyDataSet.framework in Frameworks */ = {isa = PBXBuildFile; fileRef = 0E5A8BB91CD74393004E005F /* DZNEmptyDataSet.framework */; };
		0E5A8BBC1CD7439A004E005F /* DZNEmptyDataSet.framework in Embed Frameworks */ = {isa = PBXBuildFile; fileRef = 0E5A8BB91CD74393004E005F /* DZNEmptyDataSet.framework */; settings = {ATTRIBUTES = (CodeSignOnCopy, RemoveHeadersOnCopy, ); }; };
		0E5A8BC21CD7467B004E005F /* MainViewController.swift in Sources */ = {isa = PBXBuildFile; fileRef = 0E5A8BC11CD7467B004E005F /* MainViewController.swift */; };
		0E5A8BC71CD74BB9004E005F /* MainBackendViewController.swift in Sources */ = {isa = PBXBuildFile; fileRef = 0E5A8BC61CD74BB9004E005F /* MainBackendViewController.swift */; };
		0E5A8BCA1CD74F0B004E005F /* MainBackendTableViewCell.swift in Sources */ = {isa = PBXBuildFile; fileRef = 0E5A8BC91CD74F0B004E005F /* MainBackendTableViewCell.swift */; };
		0E5A8BCC1CD763F4004E005F /* APIFacade.swift in Sources */ = {isa = PBXBuildFile; fileRef = 0E5A8BCB1CD763F4004E005F /* APIFacade.swift */; };
		0E5A8BCF1CD76E76004E005F /* MyInformationViewController.swift in Sources */ = {isa = PBXBuildFile; fileRef = 0E5A8BCE1CD76E76004E005F /* MyInformationViewController.swift */; };
		0E5A8BD11CD7770A004E005F /* MyInformationTableViewCell.swift in Sources */ = {isa = PBXBuildFile; fileRef = 0E5A8BD01CD7770A004E005F /* MyInformationTableViewCell.swift */; };
		0E5A8BD31CD7A173004E005F /* SettingMyInformationViewController.swift in Sources */ = {isa = PBXBuildFile; fileRef = 0E5A8BD21CD7A173004E005F /* SettingMyInformationViewController.swift */; };
		0E5A8BD51CD7BEB7004E005F /* EditInformationViewController.swift in Sources */ = {isa = PBXBuildFile; fileRef = 0E5A8BD41CD7BEB7004E005F /* EditInformationViewController.swift */; };
		0E629AD81CD54C4700370DA3 /* TextFieldEffects.framework in Frameworks */ = {isa = PBXBuildFile; fileRef = 0E629AD71CD54C3800370DA3 /* TextFieldEffects.framework */; };
		0E629AD91CD54C4700370DA3 /* TextFieldEffects.framework in Embed Frameworks */ = {isa = PBXBuildFile; fileRef = 0E629AD71CD54C3800370DA3 /* TextFieldEffects.framework */; settings = {ATTRIBUTES = (CodeSignOnCopy, RemoveHeadersOnCopy, ); }; };
		0E629AE01CD54C9A00370DA3 /* LoginViewController.swift in Sources */ = {isa = PBXBuildFile; fileRef = 0E629ADF1CD54C9A00370DA3 /* LoginViewController.swift */; };
		0E629B2C1CD5562900370DA3 /* Alamofire.framework in Frameworks */ = {isa = PBXBuildFile; fileRef = 0E629B1E1CD5560F00370DA3 /* Alamofire.framework */; };
		0E629B2D1CD5562900370DA3 /* Alamofire.framework in Embed Frameworks */ = {isa = PBXBuildFile; fileRef = 0E629B1E1CD5560F00370DA3 /* Alamofire.framework */; settings = {ATTRIBUTES = (CodeSignOnCopy, RemoveHeadersOnCopy, ); }; };
		0E79408B1CDB945200882E20 /* PresentationViewController.swift in Sources */ = {isa = PBXBuildFile; fileRef = 0E79408A1CDB945200882E20 /* PresentationViewController.swift */; };
		0E79408E1CDB94D400882E20 /* PresentaionTableViewCell.swift in Sources */ = {isa = PBXBuildFile; fileRef = 0E79408D1CDB94D400882E20 /* PresentaionTableViewCell.swift */; };
		0E7940901CDB9CE600882E20 /* GradientView.swift in Sources */ = {isa = PBXBuildFile; fileRef = 0E79408F1CDB9CE600882E20 /* GradientView.swift */; };
		0EC77BCB1CD8965400DA9979 /* OperatorListTableViewCell.swift in Sources */ = {isa = PBXBuildFile; fileRef = 0EC77BCA1CD8965400DA9979 /* OperatorListTableViewCell.swift */; };
		0EC77BD61CD89C5900DA9979 /* MyOperatorViewController.swift in Sources */ = {isa = PBXBuildFile; fileRef = 0EC77BD51CD89C5900DA9979 /* MyOperatorViewController.swift */; };
		0EC77BD81CD89C7200DA9979 /* MyOperatorTableViewCell.swift in Sources */ = {isa = PBXBuildFile; fileRef = 0EC77BD71CD89C7200DA9979 /* MyOperatorTableViewCell.swift */; };
/* End PBXBuildFile section */

/* Begin PBXContainerItemProxy section */
		0E55CB391CD517A400DFFD0F /* PBXContainerItemProxy */ = {
			isa = PBXContainerItemProxy;
			containerPortal = 0E55CB191CD517A400DFFD0F /* Project object */;
			proxyType = 1;
			remoteGlobalIDString = 0E55CB201CD517A400DFFD0F;
			remoteInfo = TourAgentManagement;
		};
		0E55CB441CD517A400DFFD0F /* PBXContainerItemProxy */ = {
			isa = PBXContainerItemProxy;
			containerPortal = 0E55CB191CD517A400DFFD0F /* Project object */;
			proxyType = 1;
			remoteGlobalIDString = 0E55CB201CD517A400DFFD0F;
			remoteInfo = TourAgentManagement;
		};
		0E5A8BB81CD74393004E005F /* PBXContainerItemProxy */ = {
			isa = PBXContainerItemProxy;
			containerPortal = 0E5A8BAE1CD74393004E005F /* DZNEmptyDataSet.xcodeproj */;
			proxyType = 2;
			remoteGlobalIDString = 42F9D9861B4D9F6300E307F2;
			remoteInfo = DZNEmptyDataSet;
		};
		0E5A8BBD1CD7439A004E005F /* PBXContainerItemProxy */ = {
			isa = PBXContainerItemProxy;
			containerPortal = 0E5A8BAE1CD74393004E005F /* DZNEmptyDataSet.xcodeproj */;
			proxyType = 1;
			remoteGlobalIDString = 42F9D9851B4D9F6300E307F2;
			remoteInfo = DZNEmptyDataSet;
		};
		0E629AD41CD54C3800370DA3 /* PBXContainerItemProxy */ = {
			isa = PBXContainerItemProxy;
			containerPortal = 0E629ACF1CD54C3700370DA3 /* TextFieldEffects.xcodeproj */;
			proxyType = 2;
			remoteGlobalIDString = 4CBF766D1A71AF7700073B6A;
			remoteInfo = TextFieldsDemo;
		};
		0E629AD61CD54C3800370DA3 /* PBXContainerItemProxy */ = {
			isa = PBXContainerItemProxy;
			containerPortal = 0E629ACF1CD54C3700370DA3 /* TextFieldEffects.xcodeproj */;
			proxyType = 2;
			remoteGlobalIDString = 4CB3B6CE1AA8DEA7000AFA56;
			remoteInfo = TextFieldEffects;
		};
		0E629ADA1CD54C4700370DA3 /* PBXContainerItemProxy */ = {
			isa = PBXContainerItemProxy;
			containerPortal = 0E629ACF1CD54C3700370DA3 /* TextFieldEffects.xcodeproj */;
			proxyType = 1;
			remoteGlobalIDString = 4CB3B6CD1AA8DEA7000AFA56;
			remoteInfo = TextFieldEffects;
		};
		0E629B1D1CD5560F00370DA3 /* PBXContainerItemProxy */ = {
			isa = PBXContainerItemProxy;
			containerPortal = 0E629B131CD5560F00370DA3 /* Alamofire.xcodeproj */;
			proxyType = 2;
			remoteGlobalIDString = F8111E3319A95C8B0040E7D1;
			remoteInfo = "Alamofire iOS";
		};
		0E629B1F1CD5560F00370DA3 /* PBXContainerItemProxy */ = {
			isa = PBXContainerItemProxy;
			containerPortal = 0E629B131CD5560F00370DA3 /* Alamofire.xcodeproj */;
			proxyType = 2;
			remoteGlobalIDString = F8111E3E19A95C8B0040E7D1;
			remoteInfo = "Alamofire iOS Tests";
		};
		0E629B211CD5560F00370DA3 /* PBXContainerItemProxy */ = {
			isa = PBXContainerItemProxy;
			containerPortal = 0E629B131CD5560F00370DA3 /* Alamofire.xcodeproj */;
			proxyType = 2;
			remoteGlobalIDString = 4DD67C0B1A5C55C900ED2280;
			remoteInfo = "Alamofire OSX";
		};
		0E629B231CD5560F00370DA3 /* PBXContainerItemProxy */ = {
			isa = PBXContainerItemProxy;
			containerPortal = 0E629B131CD5560F00370DA3 /* Alamofire.xcodeproj */;
			proxyType = 2;
			remoteGlobalIDString = F829C6B21A7A94F100A2CD59;
			remoteInfo = "Alamofire OSX Tests";
		};
		0E629B251CD5560F00370DA3 /* PBXContainerItemProxy */ = {
			isa = PBXContainerItemProxy;
			containerPortal = 0E629B131CD5560F00370DA3 /* Alamofire.xcodeproj */;
			proxyType = 2;
			remoteGlobalIDString = 4CF626EF1BA7CB3E0011A099;
			remoteInfo = "Alamofire tvOS";
		};
		0E629B271CD5560F00370DA3 /* PBXContainerItemProxy */ = {
			isa = PBXContainerItemProxy;
			containerPortal = 0E629B131CD5560F00370DA3 /* Alamofire.xcodeproj */;
			proxyType = 2;
			remoteGlobalIDString = 4CF626F81BA7CB3E0011A099;
			remoteInfo = "Alamofire tvOS Tests";
		};
		0E629B291CD5560F00370DA3 /* PBXContainerItemProxy */ = {
			isa = PBXContainerItemProxy;
			containerPortal = 0E629B131CD5560F00370DA3 /* Alamofire.xcodeproj */;
			proxyType = 2;
			remoteGlobalIDString = E4202FE01B667AA100C997FB;
			remoteInfo = "Alamofire watchOS";
		};
		0E629B2E1CD5562900370DA3 /* PBXContainerItemProxy */ = {
			isa = PBXContainerItemProxy;
			containerPortal = 0E629B131CD5560F00370DA3 /* Alamofire.xcodeproj */;
			proxyType = 1;
			remoteGlobalIDString = F8111E3219A95C8B0040E7D1;
			remoteInfo = "Alamofire iOS";
		};
/* End PBXContainerItemProxy section */

/* Begin PBXCopyFilesBuildPhase section */
		0E629ADC1CD54C4700370DA3 /* Embed Frameworks */ = {
			isa = PBXCopyFilesBuildPhase;
			buildActionMask = 2147483647;
			dstPath = "";
			dstSubfolderSpec = 10;
			files = (
				0E629AD91CD54C4700370DA3 /* TextFieldEffects.framework in Embed Frameworks */,
				0E629B2D1CD5562900370DA3 /* Alamofire.framework in Embed Frameworks */,
				0E5A8BBC1CD7439A004E005F /* DZNEmptyDataSet.framework in Embed Frameworks */,
			);
			name = "Embed Frameworks";
			runOnlyForDeploymentPostprocessing = 0;
		};
/* End PBXCopyFilesBuildPhase section */

/* Begin PBXFileReference section */
		0E025E841CD8F94000AE8077 /* DetailOperatorListTableViewCell.swift */ = {isa = PBXFileReference; fileEncoding = 4; lastKnownFileType = sourcecode.swift; path = DetailOperatorListTableViewCell.swift; sourceTree = "<group>"; };
		0E025E861CD8FACB00AE8077 /* DetailOperatorViewController.swift */ = {isa = PBXFileReference; fileEncoding = 4; lastKnownFileType = sourcecode.swift; path = DetailOperatorViewController.swift; sourceTree = "<group>"; };
		0E1502181CD666D2005856B3 /* ModalViewController.swift */ = {isa = PBXFileReference; fileEncoding = 4; lastKnownFileType = sourcecode.swift; path = ModalViewController.swift; sourceTree = "<group>"; };
		0E1502211CD66AE5005856B3 /* SwiftyJSON.swift */ = {isa = PBXFileReference; fileEncoding = 4; lastKnownFileType = sourcecode.swift; path = SwiftyJSON.swift; sourceTree = "<group>"; };
		0E1502291CD670AB005856B3 /* User.swift */ = {isa = PBXFileReference; fileEncoding = 4; lastKnownFileType = sourcecode.swift; path = User.swift; sourceTree = "<group>"; };
		0E187A761CD9357700D8B3A9 /* InternetCheck.swift */ = {isa = PBXFileReference; fileEncoding = 4; lastKnownFileType = sourcecode.swift; path = InternetCheck.swift; sourceTree = "<group>"; };
		0E2EFCD91CD854B10081ECCD /* MyColor.swift */ = {isa = PBXFileReference; fileEncoding = 4; lastKnownFileType = sourcecode.swift; path = MyColor.swift; sourceTree = "<group>"; };
		0E2EFCE31CD8636E0081ECCD /* OperatorListViewController.swift */ = {isa = PBXFileReference; fileEncoding = 4; lastKnownFileType = sourcecode.swift; path = OperatorListViewController.swift; sourceTree = "<group>"; };
		0E47ED7F1CDC92F200AF56BB /* BookingFactory.swift */ = {isa = PBXFileReference; fileEncoding = 4; lastKnownFileType = sourcecode.swift; path = BookingFactory.swift; sourceTree = "<group>"; };
		0E47ED881CDC978B00AF56BB /* Cart.swift */ = {isa = PBXFileReference; fileEncoding = 4; lastKnownFileType = sourcecode.swift; path = Cart.swift; sourceTree = "<group>"; };
		0E47ED8B1CDC994400AF56BB /* BookingMainViewController.swift */ = {isa = PBXFileReference; fileEncoding = 4; lastKnownFileType = sourcecode.swift; path = BookingMainViewController.swift; sourceTree = "<group>"; };
		0E47ED8D1CDC9BFC00AF56BB /* Voucher.swift */ = {isa = PBXFileReference; fileEncoding = 4; lastKnownFileType = sourcecode.swift; path = Voucher.swift; sourceTree = "<group>"; };
		0E47ED8F1CDCFCA900AF56BB /* BookingTableViewCell.swift */ = {isa = PBXFileReference; fileEncoding = 4; lastKnownFileType = sourcecode.swift; path = BookingTableViewCell.swift; sourceTree = "<group>"; };
		0E47ED911CDD0A6F00AF56BB /* DetailPresentationViewController.swift */ = {isa = PBXFileReference; fileEncoding = 4; lastKnownFileType = sourcecode.swift; path = DetailPresentationViewController.swift; sourceTree = "<group>"; };
		0E47ED941CDD185500AF56BB /* SetPriceTableViewController.swift */ = {isa = PBXFileReference; fileEncoding = 4; lastKnownFileType = sourcecode.swift; path = SetPriceTableViewController.swift; sourceTree = "<group>"; };
		0E47ED961CDD18BB00AF56BB /* SetPriceTableViewCell.swift */ = {isa = PBXFileReference; fileEncoding = 4; lastKnownFileType = sourcecode.swift; path = SetPriceTableViewCell.swift; sourceTree = "<group>"; };
		0E55CB211CD517A400DFFD0F /* TourAgentManagement.app */ = {isa = PBXFileReference; explicitFileType = wrapper.application; includeInIndex = 0; path = TourAgentManagement.app; sourceTree = BUILT_PRODUCTS_DIR; };
		0E55CB241CD517A400DFFD0F /* AppDelegate.swift */ = {isa = PBXFileReference; lastKnownFileType = sourcecode.swift; path = AppDelegate.swift; sourceTree = "<group>"; };
		0E55CB261CD517A400DFFD0F /* ViewController.swift */ = {isa = PBXFileReference; lastKnownFileType = sourcecode.swift; path = ViewController.swift; sourceTree = "<group>"; };
		0E55CB291CD517A400DFFD0F /* Base */ = {isa = PBXFileReference; lastKnownFileType = file.storyboard; name = Base; path = Base.lproj/Main.storyboard; sourceTree = "<group>"; };
		0E55CB2C1CD517A400DFFD0F /* TourAgentManagement.xcdatamodel */ = {isa = PBXFileReference; lastKnownFileType = wrapper.xcdatamodel; path = TourAgentManagement.xcdatamodel; sourceTree = "<group>"; };
		0E55CB2E1CD517A400DFFD0F /* Assets.xcassets */ = {isa = PBXFileReference; lastKnownFileType = folder.assetcatalog; path = Assets.xcassets; sourceTree = "<group>"; };
		0E55CB311CD517A400DFFD0F /* Base */ = {isa = PBXFileReference; lastKnownFileType = file.storyboard; name = Base; path = Base.lproj/LaunchScreen.storyboard; sourceTree = "<group>"; };
		0E55CB331CD517A400DFFD0F /* Info.plist */ = {isa = PBXFileReference; lastKnownFileType = text.plist.xml; path = Info.plist; sourceTree = "<group>"; };
		0E55CB381CD517A400DFFD0F /* TourAgentManagementTests.xctest */ = {isa = PBXFileReference; explicitFileType = wrapper.cfbundle; includeInIndex = 0; path = TourAgentManagementTests.xctest; sourceTree = BUILT_PRODUCTS_DIR; };
		0E55CB3C1CD517A400DFFD0F /* TourAgentManagementTests.swift */ = {isa = PBXFileReference; lastKnownFileType = sourcecode.swift; path = TourAgentManagementTests.swift; sourceTree = "<group>"; };
		0E55CB3E1CD517A400DFFD0F /* Info.plist */ = {isa = PBXFileReference; lastKnownFileType = text.plist.xml; path = Info.plist; sourceTree = "<group>"; };
		0E55CB431CD517A400DFFD0F /* TourAgentManagementUITests.xctest */ = {isa = PBXFileReference; explicitFileType = wrapper.cfbundle; includeInIndex = 0; path = TourAgentManagementUITests.xctest; sourceTree = BUILT_PRODUCTS_DIR; };
		0E55CB471CD517A400DFFD0F /* TourAgentManagementUITests.swift */ = {isa = PBXFileReference; lastKnownFileType = sourcecode.swift; path = TourAgentManagementUITests.swift; sourceTree = "<group>"; };
		0E55CB491CD517A400DFFD0F /* Info.plist */ = {isa = PBXFileReference; lastKnownFileType = text.plist.xml; path = Info.plist; sourceTree = "<group>"; };
		0E5A8BAE1CD74393004E005F /* DZNEmptyDataSet.xcodeproj */ = {isa = PBXFileReference; lastKnownFileType = "wrapper.pb-project"; name = DZNEmptyDataSet.xcodeproj; path = "../../../Downloads/DZNEmptyDataSet-master/Framework/DZNEmptyDataSet.xcodeproj"; sourceTree = "<group>"; };
		0E5A8BC11CD7467B004E005F /* MainViewController.swift */ = {isa = PBXFileReference; fileEncoding = 4; lastKnownFileType = sourcecode.swift; path = MainViewController.swift; sourceTree = "<group>"; };
		0E5A8BC61CD74BB9004E005F /* MainBackendViewController.swift */ = {isa = PBXFileReference; fileEncoding = 4; lastKnownFileType = sourcecode.swift; path = MainBackendViewController.swift; sourceTree = "<group>"; };
		0E5A8BC91CD74F0B004E005F /* MainBackendTableViewCell.swift */ = {isa = PBXFileReference; fileEncoding = 4; lastKnownFileType = sourcecode.swift; path = MainBackendTableViewCell.swift; sourceTree = "<group>"; };
		0E5A8BCB1CD763F4004E005F /* APIFacade.swift */ = {isa = PBXFileReference; fileEncoding = 4; lastKnownFileType = sourcecode.swift; path = APIFacade.swift; sourceTree = "<group>"; };
		0E5A8BCE1CD76E76004E005F /* MyInformationViewController.swift */ = {isa = PBXFileReference; fileEncoding = 4; lastKnownFileType = sourcecode.swift; path = MyInformationViewController.swift; sourceTree = "<group>"; };
		0E5A8BD01CD7770A004E005F /* MyInformationTableViewCell.swift */ = {isa = PBXFileReference; fileEncoding = 4; lastKnownFileType = sourcecode.swift; path = MyInformationTableViewCell.swift; sourceTree = "<group>"; };
		0E5A8BD21CD7A173004E005F /* SettingMyInformationViewController.swift */ = {isa = PBXFileReference; fileEncoding = 4; lastKnownFileType = sourcecode.swift; path = SettingMyInformationViewController.swift; sourceTree = "<group>"; };
		0E5A8BD41CD7BEB7004E005F /* EditInformationViewController.swift */ = {isa = PBXFileReference; fileEncoding = 4; lastKnownFileType = sourcecode.swift; path = EditInformationViewController.swift; sourceTree = "<group>"; };
		0E629ACF1CD54C3700370DA3 /* TextFieldEffects.xcodeproj */ = {isa = PBXFileReference; lastKnownFileType = "wrapper.pb-project"; name = TextFieldEffects.xcodeproj; path = TextFieldEffects/TextFieldEffects.xcodeproj; sourceTree = "<group>"; };
		0E629ADF1CD54C9A00370DA3 /* LoginViewController.swift */ = {isa = PBXFileReference; fileEncoding = 4; lastKnownFileType = sourcecode.swift; path = LoginViewController.swift; sourceTree = "<group>"; };
		0E629B131CD5560F00370DA3 /* Alamofire.xcodeproj */ = {isa = PBXFileReference; lastKnownFileType = "wrapper.pb-project"; name = Alamofire.xcodeproj; path = Alamofire/Alamofire.xcodeproj; sourceTree = "<group>"; };
		0E79408A1CDB945200882E20 /* PresentationViewController.swift */ = {isa = PBXFileReference; fileEncoding = 4; lastKnownFileType = sourcecode.swift; path = PresentationViewController.swift; sourceTree = "<group>"; };
		0E79408D1CDB94D400882E20 /* PresentaionTableViewCell.swift */ = {isa = PBXFileReference; fileEncoding = 4; lastKnownFileType = sourcecode.swift; path = PresentaionTableViewCell.swift; sourceTree = "<group>"; };
		0E79408F1CDB9CE600882E20 /* GradientView.swift */ = {isa = PBXFileReference; fileEncoding = 4; lastKnownFileType = sourcecode.swift; path = GradientView.swift; sourceTree = "<group>"; };
		0EA2CBF51CDBC5B500BBDF1E /* System San Francisco Display Bold.ttf */ = {isa = PBXFileReference; lastKnownFileType = file; path = "System San Francisco Display Bold.ttf"; sourceTree = "<group>"; };
		0EA2CBF61CDBC5B500BBDF1E /* System San Francisco Display Regular.ttf */ = {isa = PBXFileReference; lastKnownFileType = file; path = "System San Francisco Display Regular.ttf"; sourceTree = "<group>"; };
		0EA2CBF71CDBC5B500BBDF1E /* System San Francisco Display Thin.ttf */ = {isa = PBXFileReference; lastKnownFileType = file; path = "System San Francisco Display Thin.ttf"; sourceTree = "<group>"; };
		0EA2CBF81CDBC5B500BBDF1E /* SystemSanFranciscoDisplayUltralight.ttf */ = {isa = PBXFileReference; lastKnownFileType = file; path = SystemSanFranciscoDisplayUltralight.ttf; sourceTree = "<group>"; };
		0EC77BCA1CD8965400DA9979 /* OperatorListTableViewCell.swift */ = {isa = PBXFileReference; fileEncoding = 4; lastKnownFileType = sourcecode.swift; path = OperatorListTableViewCell.swift; sourceTree = "<group>"; };
		0EC77BD51CD89C5900DA9979 /* MyOperatorViewController.swift */ = {isa = PBXFileReference; fileEncoding = 4; lastKnownFileType = sourcecode.swift; path = MyOperatorViewController.swift; sourceTree = "<group>"; };
		0EC77BD71CD89C7200DA9979 /* MyOperatorTableViewCell.swift */ = {isa = PBXFileReference; fileEncoding = 4; lastKnownFileType = sourcecode.swift; path = MyOperatorTableViewCell.swift; sourceTree = "<group>"; };
/* End PBXFileReference section */

/* Begin PBXFrameworksBuildPhase section */
		0E55CB1E1CD517A400DFFD0F /* Frameworks */ = {
			isa = PBXFrameworksBuildPhase;
			buildActionMask = 2147483647;
			files = (
				0E629AD81CD54C4700370DA3 /* TextFieldEffects.framework in Frameworks */,
				0E629B2C1CD5562900370DA3 /* Alamofire.framework in Frameworks */,
				0E5A8BBB1CD7439A004E005F /* DZNEmptyDataSet.framework in Frameworks */,
			);
			runOnlyForDeploymentPostprocessing = 0;
		};
		0E55CB351CD517A400DFFD0F /* Frameworks */ = {
			isa = PBXFrameworksBuildPhase;
			buildActionMask = 2147483647;
			files = (
			);
			runOnlyForDeploymentPostprocessing = 0;
		};
		0E55CB401CD517A400DFFD0F /* Frameworks */ = {
			isa = PBXFrameworksBuildPhase;
			buildActionMask = 2147483647;
			files = (
			);
			runOnlyForDeploymentPostprocessing = 0;
		};
/* End PBXFrameworksBuildPhase section */

/* Begin PBXGroup section */
		0E025E7C1CD8F92700AE8077 /* Detail */ = {
			isa = PBXGroup;
			children = (
				0E025E841CD8F94000AE8077 /* DetailOperatorListTableViewCell.swift */,
				0E025E861CD8FACB00AE8077 /* DetailOperatorViewController.swift */,
			);
			name = Detail;
			sourceTree = "<group>";
		};
		0E2EFCE21CD85C110081ECCD /* Operator */ = {
			isa = PBXGroup;
			children = (
				0E025E7C1CD8F92700AE8077 /* Detail */,
				0EC77BD41CD8993200DA9979 /* My Operator */,
				0EC77BD31CD8992800DA9979 /* OperatorList */,
			);
			name = Operator;
			sourceTree = "<group>";
		};
		0E47ED8A1CDC990300AF56BB /* Booking */ = {
			isa = PBXGroup;
			children = (
				0E47ED931CDD17E200AF56BB /* SetPrice */,
				0E47ED8B1CDC994400AF56BB /* BookingMainViewController.swift */,
				0E47ED8F1CDCFCA900AF56BB /* BookingTableViewCell.swift */,
			);
			name = Booking;
			sourceTree = "<group>";
		};
		0E47ED931CDD17E200AF56BB /* SetPrice */ = {
			isa = PBXGroup;
			children = (
				0E47ED941CDD185500AF56BB /* SetPriceTableViewController.swift */,
				0E47ED961CDD18BB00AF56BB /* SetPriceTableViewCell.swift */,
			);
			name = SetPrice;
			sourceTree = "<group>";
		};
		0E55CB181CD517A400DFFD0F = {
			isa = PBXGroup;
			children = (
				0E55CB231CD517A400DFFD0F /* TourAgentManagement */,
				0E55CB3B1CD517A400DFFD0F /* TourAgentManagementTests */,
				0E55CB461CD517A400DFFD0F /* TourAgentManagementUITests */,
				0E55CB221CD517A400DFFD0F /* Products */,
				0E5A8BAE1CD74393004E005F /* DZNEmptyDataSet.xcodeproj */,
				0E629B131CD5560F00370DA3 /* Alamofire.xcodeproj */,
				0E629ACF1CD54C3700370DA3 /* TextFieldEffects.xcodeproj */,
			);
			sourceTree = "<group>";
		};
		0E55CB221CD517A400DFFD0F /* Products */ = {
			isa = PBXGroup;
			children = (
				0E55CB211CD517A400DFFD0F /* TourAgentManagement.app */,
				0E55CB381CD517A400DFFD0F /* TourAgentManagementTests.xctest */,
				0E55CB431CD517A400DFFD0F /* TourAgentManagementUITests.xctest */,
			);
			name = Products;
			sourceTree = "<group>";
		};
		0E55CB231CD517A400DFFD0F /* TourAgentManagement */ = {
			isa = PBXGroup;
			children = (
				0EA2CBF91CDBC69700BBDF1E /* Resource */,
				0E5A8BC51CD74ACD004E005F /* Model */,
				0E5A8BC41CD74AB9004E005F /* Lib */,
				0E5A8BC31CD74AAA004E005F /* View */,
				0E629ADD1CD54C7100370DA3 /* Controller */,
				0E55CB241CD517A400DFFD0F /* AppDelegate.swift */,
				0E55CB261CD517A400DFFD0F /* ViewController.swift */,
				0E55CB2E1CD517A400DFFD0F /* Assets.xcassets */,
				0E55CB331CD517A400DFFD0F /* Info.plist */,
				0E55CB2B1CD517A400DFFD0F /* TourAgentManagement.xcdatamodeld */,
			);
			path = TourAgentManagement;
			sourceTree = "<group>";
		};
		0E55CB3B1CD517A400DFFD0F /* TourAgentManagementTests */ = {
			isa = PBXGroup;
			children = (
				0E55CB3C1CD517A400DFFD0F /* TourAgentManagementTests.swift */,
				0E55CB3E1CD517A400DFFD0F /* Info.plist */,
			);
			path = TourAgentManagementTests;
			sourceTree = "<group>";
		};
		0E55CB461CD517A400DFFD0F /* TourAgentManagementUITests */ = {
			isa = PBXGroup;
			children = (
				0E55CB471CD517A400DFFD0F /* TourAgentManagementUITests.swift */,
				0E55CB491CD517A400DFFD0F /* Info.plist */,
			);
			path = TourAgentManagementUITests;
			sourceTree = "<group>";
		};
		0E5A8BAF1CD74393004E005F /* Products */ = {
			isa = PBXGroup;
			children = (
				0E5A8BB91CD74393004E005F /* DZNEmptyDataSet.framework */,
			);
			name = Products;
			sourceTree = "<group>";
		};
		0E5A8BBF1CD743B0004E005F /* Main */ = {
			isa = PBXGroup;
			children = (
				0E5A8BC11CD7467B004E005F /* MainViewController.swift */,
			);
			name = Main;
			sourceTree = "<group>";
		};
		0E5A8BC01CD743D7004E005F /* Backend */ = {
			isa = PBXGroup;
			children = (
				0EA2CBFA1CDBD82700BBDF1E /* Booking */,
				0E2EFCE21CD85C110081ECCD /* Operator */,
				0E5A8BCD1CD76E51004E005F /* My Information */,
				0E5A8BC81CD74EEF004E005F /* Main */,
			);
			name = Backend;
			sourceTree = "<group>";
		};
		0E5A8BC31CD74AAA004E005F /* View */ = {
			isa = PBXGroup;
			children = (
				0E55CB281CD517A400DFFD0F /* Main.storyboard */,
				0E55CB301CD517A400DFFD0F /* LaunchScreen.storyboard */,
			);
			name = View;
			sourceTree = "<group>";
		};
		0E5A8BC41CD74AB9004E005F /* Lib */ = {
			isa = PBXGroup;
			children = (
				0E1502211CD66AE5005856B3 /* SwiftyJSON.swift */,
				0E5A8BCB1CD763F4004E005F /* APIFacade.swift */,
				0E2EFCD91CD854B10081ECCD /* MyColor.swift */,
				0E187A761CD9357700D8B3A9 /* InternetCheck.swift */,
				0E79408F1CDB9CE600882E20 /* GradientView.swift */,
				0E47ED7F1CDC92F200AF56BB /* BookingFactory.swift */,
			);
			name = Lib;
			sourceTree = "<group>";
		};
		0E5A8BC51CD74ACD004E005F /* Model */ = {
			isa = PBXGroup;
			children = (
				0E1502291CD670AB005856B3 /* User.swift */,
				0E47ED881CDC978B00AF56BB /* Cart.swift */,
				0E47ED8D1CDC9BFC00AF56BB /* Voucher.swift */,
			);
			name = Model;
			sourceTree = "<group>";
		};
		0E5A8BC81CD74EEF004E005F /* Main */ = {
			isa = PBXGroup;
			children = (
				0E5A8BC61CD74BB9004E005F /* MainBackendViewController.swift */,
				0E5A8BC91CD74F0B004E005F /* MainBackendTableViewCell.swift */,
			);
			name = Main;
			sourceTree = "<group>";
		};
		0E5A8BCD1CD76E51004E005F /* My Information */ = {
			isa = PBXGroup;
			children = (
				0E5A8BCE1CD76E76004E005F /* MyInformationViewController.swift */,
				0E5A8BD01CD7770A004E005F /* MyInformationTableViewCell.swift */,
				0E5A8BD21CD7A173004E005F /* SettingMyInformationViewController.swift */,
				0E5A8BD41CD7BEB7004E005F /* EditInformationViewController.swift */,
			);
			name = "My Information";
			sourceTree = "<group>";
		};
		0E629AD01CD54C3700370DA3 /* Products */ = {
			isa = PBXGroup;
			children = (
				0E629AD51CD54C3800370DA3 /* TextFieldsDemo.app */,
				0E629AD71CD54C3800370DA3 /* TextFieldEffects.framework */,
			);
			name = Products;
			sourceTree = "<group>";
		};
		0E629ADD1CD54C7100370DA3 /* Controller */ = {
			isa = PBXGroup;
			children = (
				0E47ED8A1CDC990300AF56BB /* Booking */,
				0E7940821CDB942E00882E20 /* Presentation */,
				0E5A8BC01CD743D7004E005F /* Backend */,
				0E5A8BBF1CD743B0004E005F /* Main */,
				0E629ADE1CD54C8000370DA3 /* Login */,
			);
			name = Controller;
			sourceTree = "<group>";
		};
		0E629ADE1CD54C8000370DA3 /* Login */ = {
			isa = PBXGroup;
			children = (
				0E629ADF1CD54C9A00370DA3 /* LoginViewController.swift */,
				0E1502181CD666D2005856B3 /* ModalViewController.swift */,
			);
			name = Login;
			sourceTree = "<group>";
		};
		0E629B141CD5560F00370DA3 /* Products */ = {
			isa = PBXGroup;
			children = (
				0E629B1E1CD5560F00370DA3 /* Alamofire.framework */,
				0E629B201CD5560F00370DA3 /* Alamofire iOS Tests.xctest */,
				0E629B221CD5560F00370DA3 /* Alamofire.framework */,
				0E629B241CD5560F00370DA3 /* Alamofire OSX Tests.xctest */,
				0E629B261CD5560F00370DA3 /* Alamofire.framework */,
				0E629B281CD5560F00370DA3 /* Alamofire tvOS Tests.xctest */,
				0E629B2A1CD5560F00370DA3 /* Alamofire.framework */,
			);
			name = Products;
			sourceTree = "<group>";
		};
		0E7940821CDB942E00882E20 /* Presentation */ = {
			isa = PBXGroup;
			children = (
				0E7940931CDBBD3900882E20 /* Detail */,
				0E79408A1CDB945200882E20 /* PresentationViewController.swift */,
				0E79408D1CDB94D400882E20 /* PresentaionTableViewCell.swift */,
			);
			name = Presentation;
			sourceTree = "<group>";
		};
		0E7940931CDBBD3900882E20 /* Detail */ = {
			isa = PBXGroup;
			children = (
				0E47ED911CDD0A6F00AF56BB /* DetailPresentationViewController.swift */,
			);
			name = Detail;
			sourceTree = "<group>";
		};
		0EA2CBF91CDBC69700BBDF1E /* Resource */ = {
			isa = PBXGroup;
			children = (
				0EA2CBF51CDBC5B500BBDF1E /* System San Francisco Display Bold.ttf */,
				0EA2CBF61CDBC5B500BBDF1E /* System San Francisco Display Regular.ttf */,
				0EA2CBF71CDBC5B500BBDF1E /* System San Francisco Display Thin.ttf */,
				0EA2CBF81CDBC5B500BBDF1E /* SystemSanFranciscoDisplayUltralight.ttf */,
			);
			name = Resource;
			sourceTree = "<group>";
		};
		0EA2CBFA1CDBD82700BBDF1E /* Booking */ = {
			isa = PBXGroup;
			children = (
			);
			name = Booking;
			sourceTree = "<group>";
		};
		0EC77BD31CD8992800DA9979 /* OperatorList */ = {
			isa = PBXGroup;
			children = (
				0E2EFCE31CD8636E0081ECCD /* OperatorListViewController.swift */,
				0EC77BCA1CD8965400DA9979 /* OperatorListTableViewCell.swift */,
			);
			name = OperatorList;
			sourceTree = "<group>";
		};
		0EC77BD41CD8993200DA9979 /* My Operator */ = {
			isa = PBXGroup;
			children = (
				0EC77BD51CD89C5900DA9979 /* MyOperatorViewController.swift */,
				0EC77BD71CD89C7200DA9979 /* MyOperatorTableViewCell.swift */,
			);
			name = "My Operator";
			sourceTree = "<group>";
		};
/* End PBXGroup section */

/* Begin PBXNativeTarget section */
		0E55CB201CD517A400DFFD0F /* TourAgentManagement */ = {
			isa = PBXNativeTarget;
			buildConfigurationList = 0E55CB4C1CD517A400DFFD0F /* Build configuration list for PBXNativeTarget "TourAgentManagement" */;
			buildPhases = (
				0E55CB1D1CD517A400DFFD0F /* Sources */,
				0E55CB1E1CD517A400DFFD0F /* Frameworks */,
				0E55CB1F1CD517A400DFFD0F /* Resources */,
				0E629ADC1CD54C4700370DA3 /* Embed Frameworks */,
			);
			buildRules = (
			);
			dependencies = (
				0E629ADB1CD54C4700370DA3 /* PBXTargetDependency */,
				0E629B2F1CD5562900370DA3 /* PBXTargetDependency */,
				0E5A8BBE1CD7439A004E005F /* PBXTargetDependency */,
			);
			name = TourAgentManagement;
			productName = TourAgentManagement;
			productReference = 0E55CB211CD517A400DFFD0F /* TourAgentManagement.app */;
			productType = "com.apple.product-type.application";
		};
		0E55CB371CD517A400DFFD0F /* TourAgentManagementTests */ = {
			isa = PBXNativeTarget;
			buildConfigurationList = 0E55CB4F1CD517A400DFFD0F /* Build configuration list for PBXNativeTarget "TourAgentManagementTests" */;
			buildPhases = (
				0E55CB341CD517A400DFFD0F /* Sources */,
				0E55CB351CD517A400DFFD0F /* Frameworks */,
				0E55CB361CD517A400DFFD0F /* Resources */,
			);
			buildRules = (
			);
			dependencies = (
				0E55CB3A1CD517A400DFFD0F /* PBXTargetDependency */,
			);
			name = TourAgentManagementTests;
			productName = TourAgentManagementTests;
			productReference = 0E55CB381CD517A400DFFD0F /* TourAgentManagementTests.xctest */;
			productType = "com.apple.product-type.bundle.unit-test";
		};
		0E55CB421CD517A400DFFD0F /* TourAgentManagementUITests */ = {
			isa = PBXNativeTarget;
			buildConfigurationList = 0E55CB521CD517A400DFFD0F /* Build configuration list for PBXNativeTarget "TourAgentManagementUITests" */;
			buildPhases = (
				0E55CB3F1CD517A400DFFD0F /* Sources */,
				0E55CB401CD517A400DFFD0F /* Frameworks */,
				0E55CB411CD517A400DFFD0F /* Resources */,
			);
			buildRules = (
			);
			dependencies = (
				0E55CB451CD517A400DFFD0F /* PBXTargetDependency */,
			);
			name = TourAgentManagementUITests;
			productName = TourAgentManagementUITests;
			productReference = 0E55CB431CD517A400DFFD0F /* TourAgentManagementUITests.xctest */;
			productType = "com.apple.product-type.bundle.ui-testing";
		};
/* End PBXNativeTarget section */

/* Begin PBXProject section */
		0E55CB191CD517A400DFFD0F /* Project object */ = {
			isa = PBXProject;
			attributes = {
				LastSwiftUpdateCheck = 0730;
				LastUpgradeCheck = 0730;
				ORGANIZATIONNAME = "Jakkapan Thongkum";
				TargetAttributes = {
					0E55CB201CD517A400DFFD0F = {
						CreatedOnToolsVersion = 7.3;
						DevelopmentTeam = YA8H62VLM2;
					};
					0E55CB371CD517A400DFFD0F = {
						CreatedOnToolsVersion = 7.3;
						DevelopmentTeam = YA8H62VLM2;
						TestTargetID = 0E55CB201CD517A400DFFD0F;
					};
					0E55CB421CD517A400DFFD0F = {
						CreatedOnToolsVersion = 7.3;
						DevelopmentTeam = YA8H62VLM2;
						TestTargetID = 0E55CB201CD517A400DFFD0F;
					};
				};
			};
			buildConfigurationList = 0E55CB1C1CD517A400DFFD0F /* Build configuration list for PBXProject "TourAgentManagement" */;
			compatibilityVersion = "Xcode 3.2";
			developmentRegion = English;
			hasScannedForEncodings = 0;
			knownRegions = (
				en,
				Base,
			);
			mainGroup = 0E55CB181CD517A400DFFD0F;
			productRefGroup = 0E55CB221CD517A400DFFD0F /* Products */;
			projectDirPath = "";
			projectReferences = (
				{
					ProductGroup = 0E629B141CD5560F00370DA3 /* Products */;
					ProjectRef = 0E629B131CD5560F00370DA3 /* Alamofire.xcodeproj */;
				},
				{
					ProductGroup = 0E5A8BAF1CD74393004E005F /* Products */;
					ProjectRef = 0E5A8BAE1CD74393004E005F /* DZNEmptyDataSet.xcodeproj */;
				},
				{
					ProductGroup = 0E629AD01CD54C3700370DA3 /* Products */;
					ProjectRef = 0E629ACF1CD54C3700370DA3 /* TextFieldEffects.xcodeproj */;
				},
			);
			projectRoot = "";
			targets = (
				0E55CB201CD517A400DFFD0F /* TourAgentManagement */,
				0E55CB371CD517A400DFFD0F /* TourAgentManagementTests */,
				0E55CB421CD517A400DFFD0F /* TourAgentManagementUITests */,
			);
		};
/* End PBXProject section */

/* Begin PBXReferenceProxy section */
		0E5A8BB91CD74393004E005F /* DZNEmptyDataSet.framework */ = {
			isa = PBXReferenceProxy;
			fileType = wrapper.framework;
			path = DZNEmptyDataSet.framework;
			remoteRef = 0E5A8BB81CD74393004E005F /* PBXContainerItemProxy */;
			sourceTree = BUILT_PRODUCTS_DIR;
		};
		0E629AD51CD54C3800370DA3 /* TextFieldsDemo.app */ = {
			isa = PBXReferenceProxy;
			fileType = wrapper.application;
			path = TextFieldsDemo.app;
			remoteRef = 0E629AD41CD54C3800370DA3 /* PBXContainerItemProxy */;
			sourceTree = BUILT_PRODUCTS_DIR;
		};
		0E629AD71CD54C3800370DA3 /* TextFieldEffects.framework */ = {
			isa = PBXReferenceProxy;
			fileType = wrapper.framework;
			path = TextFieldEffects.framework;
			remoteRef = 0E629AD61CD54C3800370DA3 /* PBXContainerItemProxy */;
			sourceTree = BUILT_PRODUCTS_DIR;
		};
		0E629B1E1CD5560F00370DA3 /* Alamofire.framework */ = {
			isa = PBXReferenceProxy;
			fileType = wrapper.framework;
			path = Alamofire.framework;
			remoteRef = 0E629B1D1CD5560F00370DA3 /* PBXContainerItemProxy */;
			sourceTree = BUILT_PRODUCTS_DIR;
		};
		0E629B201CD5560F00370DA3 /* Alamofire iOS Tests.xctest */ = {
			isa = PBXReferenceProxy;
			fileType = wrapper.cfbundle;
			path = "Alamofire iOS Tests.xctest";
			remoteRef = 0E629B1F1CD5560F00370DA3 /* PBXContainerItemProxy */;
			sourceTree = BUILT_PRODUCTS_DIR;
		};
		0E629B221CD5560F00370DA3 /* Alamofire.framework */ = {
			isa = PBXReferenceProxy;
			fileType = wrapper.framework;
			path = Alamofire.framework;
			remoteRef = 0E629B211CD5560F00370DA3 /* PBXContainerItemProxy */;
			sourceTree = BUILT_PRODUCTS_DIR;
		};
		0E629B241CD5560F00370DA3 /* Alamofire OSX Tests.xctest */ = {
			isa = PBXReferenceProxy;
			fileType = wrapper.cfbundle;
			path = "Alamofire OSX Tests.xctest";
			remoteRef = 0E629B231CD5560F00370DA3 /* PBXContainerItemProxy */;
			sourceTree = BUILT_PRODUCTS_DIR;
		};
		0E629B261CD5560F00370DA3 /* Alamofire.framework */ = {
			isa = PBXReferenceProxy;
			fileType = wrapper.framework;
			path = Alamofire.framework;
			remoteRef = 0E629B251CD5560F00370DA3 /* PBXContainerItemProxy */;
			sourceTree = BUILT_PRODUCTS_DIR;
		};
		0E629B281CD5560F00370DA3 /* Alamofire tvOS Tests.xctest */ = {
			isa = PBXReferenceProxy;
			fileType = wrapper.cfbundle;
			path = "Alamofire tvOS Tests.xctest";
			remoteRef = 0E629B271CD5560F00370DA3 /* PBXContainerItemProxy */;
			sourceTree = BUILT_PRODUCTS_DIR;
		};
		0E629B2A1CD5560F00370DA3 /* Alamofire.framework */ = {
			isa = PBXReferenceProxy;
			fileType = wrapper.framework;
			path = Alamofire.framework;
			remoteRef = 0E629B291CD5560F00370DA3 /* PBXContainerItemProxy */;
			sourceTree = BUILT_PRODUCTS_DIR;
		};
/* End PBXReferenceProxy section */

/* Begin PBXResourcesBuildPhase section */
		0E55CB1F1CD517A400DFFD0F /* Resources */ = {
			isa = PBXResourcesBuildPhase;
			buildActionMask = 2147483647;
			files = (
				0E55CB321CD517A400DFFD0F /* LaunchScreen.storyboard in Resources */,
				0E55CB2F1CD517A400DFFD0F /* Assets.xcassets in Resources */,
				0E55CB2A1CD517A400DFFD0F /* Main.storyboard in Resources */,
			);
			runOnlyForDeploymentPostprocessing = 0;
		};
		0E55CB361CD517A400DFFD0F /* Resources */ = {
			isa = PBXResourcesBuildPhase;
			buildActionMask = 2147483647;
			files = (
			);
			runOnlyForDeploymentPostprocessing = 0;
		};
		0E55CB411CD517A400DFFD0F /* Resources */ = {
			isa = PBXResourcesBuildPhase;
			buildActionMask = 2147483647;
			files = (
			);
			runOnlyForDeploymentPostprocessing = 0;
		};
/* End PBXResourcesBuildPhase section */

/* Begin PBXSourcesBuildPhase section */
		0E55CB1D1CD517A400DFFD0F /* Sources */ = {
			isa = PBXSourcesBuildPhase;
			buildActionMask = 2147483647;
			files = (
				0E5A8BD11CD7770A004E005F /* MyInformationTableViewCell.swift in Sources */,
				0E5A8BD51CD7BEB7004E005F /* EditInformationViewController.swift in Sources */,
				0E629AE01CD54C9A00370DA3 /* LoginViewController.swift in Sources */,
				0E47ED891CDC978B00AF56BB /* Cart.swift in Sources */,
				0E5A8BD31CD7A173004E005F /* SettingMyInformationViewController.swift in Sources */,
				0E79408B1CDB945200882E20 /* PresentationViewController.swift in Sources */,
				0E1502191CD666D2005856B3 /* ModalViewController.swift in Sources */,
				0EC77BD81CD89C7200DA9979 /* MyOperatorTableViewCell.swift in Sources */,
				0E5A8BC71CD74BB9004E005F /* MainBackendViewController.swift in Sources */,
				0E55CB2D1CD517A400DFFD0F /* TourAgentManagement.xcdatamodeld in Sources */,
				0E1502221CD66AE5005856B3 /* SwiftyJSON.swift in Sources */,
				0E7940901CDB9CE600882E20 /* GradientView.swift in Sources */,
				0E47ED951CDD185500AF56BB /* SetPriceTableViewController.swift in Sources */,
				0E5A8BCF1CD76E76004E005F /* MyInformationViewController.swift in Sources */,
				0E55CB271CD517A400DFFD0F /* ViewController.swift in Sources */,
				0E55CB251CD517A400DFFD0F /* AppDelegate.swift in Sources */,
				0E47ED921CDD0A6F00AF56BB /* DetailPresentationViewController.swift in Sources */,
				0E025E851CD8F94000AE8077 /* DetailOperatorListTableViewCell.swift in Sources */,
				0EC77BD61CD89C5900DA9979 /* MyOperatorViewController.swift in Sources */,
				0E47ED801CDC92F200AF56BB /* BookingFactory.swift in Sources */,
				0E47ED971CDD18BB00AF56BB /* SetPriceTableViewCell.swift in Sources */,
				0E47ED8E1CDC9BFC00AF56BB /* Voucher.swift in Sources */,
				0E5A8BCC1CD763F4004E005F /* APIFacade.swift in Sources */,
				0E47ED8C1CDC994400AF56BB /* BookingMainViewController.swift in Sources */,
				0E15022A1CD670AB005856B3 /* User.swift in Sources */,
				0E187A771CD9357700D8B3A9 /* InternetCheck.swift in Sources */,
				0E79408E1CDB94D400882E20 /* PresentaionTableViewCell.swift in Sources */,
				0E2EFCDA1CD854B10081ECCD /* MyColor.swift in Sources */,
				0E5A8BC21CD7467B004E005F /* MainViewController.swift in Sources */,
				0E2EFCE41CD8636E0081ECCD /* OperatorListViewController.swift in Sources */,
				0E025E871CD8FACB00AE8077 /* DetailOperatorViewController.swift in Sources */,
				0E47ED901CDCFCA900AF56BB /* BookingTableViewCell.swift in Sources */,
				0E5A8BCA1CD74F0B004E005F /* MainBackendTableViewCell.swift in Sources */,
				0EC77BCB1CD8965400DA9979 /* OperatorListTableViewCell.swift in Sources */,
			);
			runOnlyForDeploymentPostprocessing = 0;
		};
		0E55CB341CD517A400DFFD0F /* Sources */ = {
			isa = PBXSourcesBuildPhase;
			buildActionMask = 2147483647;
			files = (
				0E55CB3D1CD517A400DFFD0F /* TourAgentManagementTests.swift in Sources */,
			);
			runOnlyForDeploymentPostprocessing = 0;
		};
		0E55CB3F1CD517A400DFFD0F /* Sources */ = {
			isa = PBXSourcesBuildPhase;
			buildActionMask = 2147483647;
			files = (
				0E55CB481CD517A400DFFD0F /* TourAgentManagementUITests.swift in Sources */,
			);
			runOnlyForDeploymentPostprocessing = 0;
		};
/* End PBXSourcesBuildPhase section */

/* Begin PBXTargetDependency section */
		0E55CB3A1CD517A400DFFD0F /* PBXTargetDependency */ = {
			isa = PBXTargetDependency;
			target = 0E55CB201CD517A400DFFD0F /* TourAgentManagement */;
			targetProxy = 0E55CB391CD517A400DFFD0F /* PBXContainerItemProxy */;
		};
		0E55CB451CD517A400DFFD0F /* PBXTargetDependency */ = {
			isa = PBXTargetDependency;
			target = 0E55CB201CD517A400DFFD0F /* TourAgentManagement */;
			targetProxy = 0E55CB441CD517A400DFFD0F /* PBXContainerItemProxy */;
		};
		0E5A8BBE1CD7439A004E005F /* PBXTargetDependency */ = {
			isa = PBXTargetDependency;
			name = DZNEmptyDataSet;
			targetProxy = 0E5A8BBD1CD7439A004E005F /* PBXContainerItemProxy */;
		};
		0E629ADB1CD54C4700370DA3 /* PBXTargetDependency */ = {
			isa = PBXTargetDependency;
			name = TextFieldEffects;
			targetProxy = 0E629ADA1CD54C4700370DA3 /* PBXContainerItemProxy */;
		};
		0E629B2F1CD5562900370DA3 /* PBXTargetDependency */ = {
			isa = PBXTargetDependency;
			name = "Alamofire iOS";
			targetProxy = 0E629B2E1CD5562900370DA3 /* PBXContainerItemProxy */;
		};
/* End PBXTargetDependency section */

/* Begin PBXVariantGroup section */
		0E55CB281CD517A400DFFD0F /* Main.storyboard */ = {
			isa = PBXVariantGroup;
			children = (
				0E55CB291CD517A400DFFD0F /* Base */,
			);
			name = Main.storyboard;
			sourceTree = "<group>";
		};
		0E55CB301CD517A400DFFD0F /* LaunchScreen.storyboard */ = {
			isa = PBXVariantGroup;
			children = (
				0E55CB311CD517A400DFFD0F /* Base */,
			);
			name = LaunchScreen.storyboard;
			sourceTree = "<group>";
		};
/* End PBXVariantGroup section */

/* Begin XCBuildConfiguration section */
		0E55CB4A1CD517A400DFFD0F /* Debug */ = {
			isa = XCBuildConfiguration;
			buildSettings = {
				ALWAYS_SEARCH_USER_PATHS = NO;
				CLANG_ANALYZER_NONNULL = YES;
				CLANG_CXX_LANGUAGE_STANDARD = "gnu++0x";
				CLANG_CXX_LIBRARY = "libc++";
				CLANG_ENABLE_MODULES = YES;
				CLANG_ENABLE_OBJC_ARC = YES;
				CLANG_WARN_BOOL_CONVERSION = YES;
				CLANG_WARN_CONSTANT_CONVERSION = YES;
				CLANG_WARN_DIRECT_OBJC_ISA_USAGE = YES_ERROR;
				CLANG_WARN_EMPTY_BODY = YES;
				CLANG_WARN_ENUM_CONVERSION = YES;
				CLANG_WARN_INT_CONVERSION = YES;
				CLANG_WARN_OBJC_ROOT_CLASS = YES_ERROR;
				CLANG_WARN_UNREACHABLE_CODE = YES;
				CLANG_WARN__DUPLICATE_METHOD_MATCH = YES;
				"CODE_SIGN_IDENTITY[sdk=iphoneos*]" = "iPhone Developer";
				COPY_PHASE_STRIP = NO;
				DEBUG_INFORMATION_FORMAT = dwarf;
				ENABLE_STRICT_OBJC_MSGSEND = YES;
				ENABLE_TESTABILITY = YES;
				GCC_C_LANGUAGE_STANDARD = gnu99;
				GCC_DYNAMIC_NO_PIC = NO;
				GCC_NO_COMMON_BLOCKS = YES;
				GCC_OPTIMIZATION_LEVEL = 0;
				GCC_PREPROCESSOR_DEFINITIONS = (
					"DEBUG=1",
					"$(inherited)",
				);
				GCC_WARN_64_TO_32_BIT_CONVERSION = YES;
				GCC_WARN_ABOUT_RETURN_TYPE = YES_ERROR;
				GCC_WARN_UNDECLARED_SELECTOR = YES;
				GCC_WARN_UNINITIALIZED_AUTOS = YES_AGGRESSIVE;
				GCC_WARN_UNUSED_FUNCTION = YES;
				GCC_WARN_UNUSED_VARIABLE = YES;
				IPHONEOS_DEPLOYMENT_TARGET = 9.3;
				MTL_ENABLE_DEBUG_INFO = YES;
				ONLY_ACTIVE_ARCH = YES;
				SDKROOT = iphoneos;
				SWIFT_OPTIMIZATION_LEVEL = "-Onone";
				TARGETED_DEVICE_FAMILY = 2;
			};
			name = Debug;
		};
		0E55CB4B1CD517A400DFFD0F /* Release */ = {
			isa = XCBuildConfiguration;
			buildSettings = {
				ALWAYS_SEARCH_USER_PATHS = NO;
				CLANG_ANALYZER_NONNULL = YES;
				CLANG_CXX_LANGUAGE_STANDARD = "gnu++0x";
				CLANG_CXX_LIBRARY = "libc++";
				CLANG_ENABLE_MODULES = YES;
				CLANG_ENABLE_OBJC_ARC = YES;
				CLANG_WARN_BOOL_CONVERSION = YES;
				CLANG_WARN_CONSTANT_CONVERSION = YES;
				CLANG_WARN_DIRECT_OBJC_ISA_USAGE = YES_ERROR;
				CLANG_WARN_EMPTY_BODY = YES;
				CLANG_WARN_ENUM_CONVERSION = YES;
				CLANG_WARN_INT_CONVERSION = YES;
				CLANG_WARN_OBJC_ROOT_CLASS = YES_ERROR;
				CLANG_WARN_UNREACHABLE_CODE = YES;
				CLANG_WARN__DUPLICATE_METHOD_MATCH = YES;
				"CODE_SIGN_IDENTITY[sdk=iphoneos*]" = "iPhone Developer";
				COPY_PHASE_STRIP = NO;
				DEBUG_INFORMATION_FORMAT = "dwarf-with-dsym";
				ENABLE_NS_ASSERTIONS = NO;
				ENABLE_STRICT_OBJC_MSGSEND = YES;
				GCC_C_LANGUAGE_STANDARD = gnu99;
				GCC_NO_COMMON_BLOCKS = YES;
				GCC_WARN_64_TO_32_BIT_CONVERSION = YES;
				GCC_WARN_ABOUT_RETURN_TYPE = YES_ERROR;
				GCC_WARN_UNDECLARED_SELECTOR = YES;
				GCC_WARN_UNINITIALIZED_AUTOS = YES_AGGRESSIVE;
				GCC_WARN_UNUSED_FUNCTION = YES;
				GCC_WARN_UNUSED_VARIABLE = YES;
				IPHONEOS_DEPLOYMENT_TARGET = 9.3;
				MTL_ENABLE_DEBUG_INFO = NO;
				SDKROOT = iphoneos;
				TARGETED_DEVICE_FAMILY = 2;
				VALIDATE_PRODUCT = YES;
			};
			name = Release;
		};
		0E55CB4D1CD517A400DFFD0F /* Debug */ = {
			isa = XCBuildConfiguration;
			buildSettings = {
				ASSETCATALOG_COMPILER_APPICON_NAME = AppIcon;
				EMBEDDED_CONTENT_CONTAINS_SWIFT = YES;
				INFOPLIST_FILE = TourAgentManagement/Info.plist;
				LD_RUNPATH_SEARCH_PATHS = "$(inherited) @executable_path/Frameworks";
				PRODUCT_BUNDLE_IDENTIFIER = Stordong.TourAgentManagement;
				PRODUCT_NAME = "$(TARGET_NAME)";
			};
			name = Debug;
		};
		0E55CB4E1CD517A400DFFD0F /* Release */ = {
			isa = XCBuildConfiguration;
			buildSettings = {
				ASSETCATALOG_COMPILER_APPICON_NAME = AppIcon;
				EMBEDDED_CONTENT_CONTAINS_SWIFT = YES;
				INFOPLIST_FILE = TourAgentManagement/Info.plist;
				LD_RUNPATH_SEARCH_PATHS = "$(inherited) @executable_path/Frameworks";
				PRODUCT_BUNDLE_IDENTIFIER = Stordong.TourAgentManagement;
				PRODUCT_NAME = "$(TARGET_NAME)";
			};
			name = Release;
		};
		0E55CB501CD517A400DFFD0F /* Debug */ = {
			isa = XCBuildConfiguration;
			buildSettings = {
				BUNDLE_LOADER = "$(TEST_HOST)";
				INFOPLIST_FILE = TourAgentManagementTests/Info.plist;
				LD_RUNPATH_SEARCH_PATHS = "$(inherited) @executable_path/Frameworks @loader_path/Frameworks";
				PRODUCT_BUNDLE_IDENTIFIER = Stordong.TourAgentManagementTests;
				PRODUCT_NAME = "$(TARGET_NAME)";
				TEST_HOST = "$(BUILT_PRODUCTS_DIR)/TourAgentManagement.app/TourAgentManagement";
			};
			name = Debug;
		};
		0E55CB511CD517A400DFFD0F /* Release */ = {
			isa = XCBuildConfiguration;
			buildSettings = {
				BUNDLE_LOADER = "$(TEST_HOST)";
				INFOPLIST_FILE = TourAgentManagementTests/Info.plist;
				LD_RUNPATH_SEARCH_PATHS = "$(inherited) @executable_path/Frameworks @loader_path/Frameworks";
				PRODUCT_BUNDLE_IDENTIFIER = Stordong.TourAgentManagementTests;
				PRODUCT_NAME = "$(TARGET_NAME)";
				TEST_HOST = "$(BUILT_PRODUCTS_DIR)/TourAgentManagement.app/TourAgentManagement";
			};
			name = Release;
		};
		0E55CB531CD517A400DFFD0F /* Debug */ = {
			isa = XCBuildConfiguration;
			buildSettings = {
				INFOPLIST_FILE = TourAgentManagementUITests/Info.plist;
				LD_RUNPATH_SEARCH_PATHS = "$(inherited) @executable_path/Frameworks @loader_path/Frameworks";
				PRODUCT_BUNDLE_IDENTIFIER = Stordong.TourAgentManagementUITests;
				PRODUCT_NAME = "$(TARGET_NAME)";
				TEST_TARGET_NAME = TourAgentManagement;
			};
			name = Debug;
		};
		0E55CB541CD517A400DFFD0F /* Release */ = {
			isa = XCBuildConfiguration;
			buildSettings = {
				INFOPLIST_FILE = TourAgentManagementUITests/Info.plist;
				LD_RUNPATH_SEARCH_PATHS = "$(inherited) @executable_path/Frameworks @loader_path/Frameworks";
				PRODUCT_BUNDLE_IDENTIFIER = Stordong.TourAgentManagementUITests;
				PRODUCT_NAME = "$(TARGET_NAME)";
				TEST_TARGET_NAME = TourAgentManagement;
			};
			name = Release;
		};
/* End XCBuildConfiguration section */

/* Begin XCConfigurationList section */
		0E55CB1C1CD517A400DFFD0F /* Build configuration list for PBXProject "TourAgentManagement" */ = {
			isa = XCConfigurationList;
			buildConfigurations = (
				0E55CB4A1CD517A400DFFD0F /* Debug */,
				0E55CB4B1CD517A400DFFD0F /* Release */,
			);
			defaultConfigurationIsVisible = 0;
			defaultConfigurationName = Release;
		};
		0E55CB4C1CD517A400DFFD0F /* Build configuration list for PBXNativeTarget "TourAgentManagement" */ = {
			isa = XCConfigurationList;
			buildConfigurations = (
				0E55CB4D1CD517A400DFFD0F /* Debug */,
				0E55CB4E1CD517A400DFFD0F /* Release */,
			);
			defaultConfigurationIsVisible = 0;
			defaultConfigurationName = Release;
		};
		0E55CB4F1CD517A400DFFD0F /* Build configuration list for PBXNativeTarget "TourAgentManagementTests" */ = {
			isa = XCConfigurationList;
			buildConfigurations = (
				0E55CB501CD517A400DFFD0F /* Debug */,
				0E55CB511CD517A400DFFD0F /* Release */,
			);
			defaultConfigurationIsVisible = 0;
			defaultConfigurationName = Release;
		};
		0E55CB521CD517A400DFFD0F /* Build configuration list for PBXNativeTarget "TourAgentManagementUITests" */ = {
			isa = XCConfigurationList;
			buildConfigurations = (
				0E55CB531CD517A400DFFD0F /* Debug */,
				0E55CB541CD517A400DFFD0F /* Release */,
			);
			defaultConfigurationIsVisible = 0;
			defaultConfigurationName = Release;
		};
/* End XCConfigurationList section */

/* Begin XCVersionGroup section */
		0E55CB2B1CD517A400DFFD0F /* TourAgentManagement.xcdatamodeld */ = {
			isa = XCVersionGroup;
			children = (
				0E55CB2C1CD517A400DFFD0F /* TourAgentManagement.xcdatamodel */,
			);
			currentVersion = 0E55CB2C1CD517A400DFFD0F /* TourAgentManagement.xcdatamodel */;
			path = TourAgentManagement.xcdatamodeld;
			sourceTree = "<group>";
			versionGroupType = wrapper.xcdatamodel;
		};
/* End XCVersionGroup section */
	};
	rootObject = 0E55CB191CD517A400DFFD0F /* Project object */;
}
